
Microsoft Visual Studio Solution File, Format Version 12.00
# Visual Studio 15
VisualStudioVersion = 15.0.27428.1
MinimumVisualStudioVersion = 10.0.40219.1
Project("{FAE04EC0-301F-11D3-BF4B-00C04F79EFBC}") = "User Interface", "User Interface\User Interface.csproj", "{6B298716-8B0B-40C2-B35F-8A95C2ACC925}"
EndProject
Project("{FAE04EC0-301F-11D3-BF4B-00C04F79EFBC}") = "DAL", "DAL\DAL.csproj", "{1D748460-27D5-46B6-8636-58AD4B8A329E}"
EndProject
Global
	GlobalSection(SolutionConfigurationPlatforms) = preSolution
		Debug|Any CPU = Debug|Any CPU
		Release|Any CPU = Release|Any CPU
	EndGlobalSection
	GlobalSection(ProjectConfigurationPlatforms) = postSolution
		{6B298716-8B0B-40C2-B35F-8A95C2ACC925}.Debug|Any CPU.ActiveCfg = Debug|Any CPU
		{6B298716-8B0B-40C2-B35F-8A95C2ACC925}.Debug|Any CPU.Build.0 = Debug|Any CPU
		{6B298716-8B0B-40C2-B35F-8A95C2ACC925}.Release|Any CPU.ActiveCfg = Release|Any CPU
		{6B298716-8B0B-40C2-B35F-8A95C2ACC925}.Release|Any CPU.Build.0 = Release|Any CPU
		{1D748460-27D5-46B6-8636-58AD4B8A329E}.Debug|Any CPU.ActiveCfg = Debug|Any CPU
		{1D748460-27D5-46B6-8636-58AD4B8A329E}.Debug|Any CPU.Build.0 = Debug|Any CPU
		{1D748460-27D5-46B6-8636-58AD4B8A329E}.Release|Any CPU.ActiveCfg = Release|Any CPU
		{1D748460-27D5-46B6-8636-58AD4B8A329E}.Release|Any CPU.Build.0 = Release|Any CPU
	EndGlobalSection
	GlobalSection(SolutionProperties) = preSolution
		HideSolutionNode = FALSE
	EndGlobalSection
	GlobalSection(ExtensibilityGlobals) = postSolution
		SolutionGuid = {8A0E8746-D761-40FD-B124-806E4144343A}
	EndGlobalSection
EndGlobal
